// !$*UTF8*$!
{
	archiveVersion = 1;
	classes = {
	};
	objectVersion = 50;
	objects = {

/* Begin PBXBuildFile section */
		1A0BE36B216380CB00114730 /* FoundBookListState.swift in Sources */ = {isa = PBXBuildFile; fileRef = 1A0BE36A216380CB00114730 /* FoundBookListState.swift */; };
		1A0BE36C216380CB00114730 /* FoundBookListState.swift in Sources */ = {isa = PBXBuildFile; fileRef = 1A0BE36A216380CB00114730 /* FoundBookListState.swift */; };
		1A0C4F7321385D8A000B6CAB /* AppState.swift in Sources */ = {isa = PBXBuildFile; fileRef = 1A0C4F7121385D8A000B6CAB /* AppState.swift */; };
		1A0C4F7621385DBD000B6CAB /* AppReducer.swift in Sources */ = {isa = PBXBuildFile; fileRef = 1A0C4F7421385DBD000B6CAB /* AppReducer.swift */; };
		1A0C4F7921385F8E000B6CAB /* AppRouter.swift in Sources */ = {isa = PBXBuildFile; fileRef = 1A0C4F7721385F8E000B6CAB /* AppRouter.swift */; };
		1A0C4F7C21386034000B6CAB /* RotuingState.swift in Sources */ = {isa = PBXBuildFile; fileRef = 1A0C4F7A21386034000B6CAB /* RotuingState.swift */; };
		1A0C4F7F213860BE000B6CAB /* RoutingReducer.swift in Sources */ = {isa = PBXBuildFile; fileRef = 1A0C4F7D213860BE000B6CAB /* RoutingReducer.swift */; };
		1A3314B021403FC100FA4B59 /* NewBookViewController.swift in Sources */ = {isa = PBXBuildFile; fileRef = 1A3314AF21403FC100FA4B59 /* NewBookViewController.swift */; };
		1A3314B121403FC100FA4B59 /* NewBookViewController.swift in Sources */ = {isa = PBXBuildFile; fileRef = 1A3314AF21403FC100FA4B59 /* NewBookViewController.swift */; };
		1A3A25B02141888700308C59 /* NewBookPresenter.swift in Sources */ = {isa = PBXBuildFile; fileRef = 1A3A25AF2141888700308C59 /* NewBookPresenter.swift */; };
		1A3A25B12141888700308C59 /* NewBookPresenter.swift in Sources */ = {isa = PBXBuildFile; fileRef = 1A3A25AF2141888700308C59 /* NewBookPresenter.swift */; };
		1A3A25B321419A2100308C59 /* SearchViewController.swift in Sources */ = {isa = PBXBuildFile; fileRef = 1A3A25B221419A2100308C59 /* SearchViewController.swift */; };
		1A3A25B421419A2100308C59 /* SearchViewController.swift in Sources */ = {isa = PBXBuildFile; fileRef = 1A3A25B221419A2100308C59 /* SearchViewController.swift */; };
		1A5B10F6215515C1006207AF /* RatingControl.swift in Sources */ = {isa = PBXBuildFile; fileRef = 1A5B10F5215515C1006207AF /* RatingControl.swift */; };
		1A5B10F7215515C1006207AF /* RatingControl.swift in Sources */ = {isa = PBXBuildFile; fileRef = 1A5B10F5215515C1006207AF /* RatingControl.swift */; };
		1A7C405F2138290D006AC1E9 /* Main.storyboard in Resources */ = {isa = PBXBuildFile; fileRef = 1A7C405D2138290D006AC1E9 /* Main.storyboard */; };
		1A7C40612138290E006AC1E9 /* Assets.xcassets in Resources */ = {isa = PBXBuildFile; fileRef = 1A7C40602138290E006AC1E9 /* Assets.xcassets */; };
		1A7C40642138290E006AC1E9 /* LaunchScreen.storyboard in Resources */ = {isa = PBXBuildFile; fileRef = 1A7C40622138290E006AC1E9 /* LaunchScreen.storyboard */; };
		1A7C406F2138290E006AC1E9 /* ReadytTests.swift in Sources */ = {isa = PBXBuildFile; fileRef = 1A7C406E2138290E006AC1E9 /* ReadytTests.swift */; };
		1A7C407A2138290E006AC1E9 /* ReadytUITests.swift in Sources */ = {isa = PBXBuildFile; fileRef = 1A7C40792138290E006AC1E9 /* ReadytUITests.swift */; };
		1A7F98B22139708F0067963C /* BookListViewController.swift in Sources */ = {isa = PBXBuildFile; fileRef = 1A7F98B02139708F0067963C /* BookListViewController.swift */; };
		1A7F98B5213970A20067963C /* TokenViewController.swift in Sources */ = {isa = PBXBuildFile; fileRef = 1A7F98B3213970A20067963C /* TokenViewController.swift */; };
		1A7F98B82139A1FC0067963C /* Actions.swift in Sources */ = {isa = PBXBuildFile; fileRef = 1A7F98B62139A1FC0067963C /* Actions.swift */; };
		1A7F98BB2139A4ED0067963C /* Middleware.swift in Sources */ = {isa = PBXBuildFile; fileRef = 1A7F98B92139A4ED0067963C /* Middleware.swift */; };
		1A7F98BF2139BC330067963C /* TabState.swift in Sources */ = {isa = PBXBuildFile; fileRef = 1A7F98BD2139BC330067963C /* TabState.swift */; };
		1AA3289C213ED58C00A178DB /* JSONDomain.swift in Sources */ = {isa = PBXBuildFile; fileRef = 1AA3289B213ED58C00A178DB /* JSONDomain.swift */; };
		1ABFF93B213D48B8007E76D7 /* BookAPI.swift in Sources */ = {isa = PBXBuildFile; fileRef = 1ABFF93A213D48B8007E76D7 /* BookAPI.swift */; };
		1AD0F9C12142C8A100490605 /* SearchViewPresenter.swift in Sources */ = {isa = PBXBuildFile; fileRef = 1AD0F9C02142C8A100490605 /* SearchViewPresenter.swift */; };
		1AD0F9C22142C8A100490605 /* SearchViewPresenter.swift in Sources */ = {isa = PBXBuildFile; fileRef = 1AD0F9C02142C8A100490605 /* SearchViewPresenter.swift */; };
		1AD0F9C42142E21D00490605 /* FoundBookListViewController.swift in Sources */ = {isa = PBXBuildFile; fileRef = 1AD0F9C32142E21D00490605 /* FoundBookListViewController.swift */; };
		1AD0F9C52142E21D00490605 /* FoundBookListViewController.swift in Sources */ = {isa = PBXBuildFile; fileRef = 1AD0F9C32142E21D00490605 /* FoundBookListViewController.swift */; };
		1AD0F9C72142E30F00490605 /* FoundBookListPresenter.swift in Sources */ = {isa = PBXBuildFile; fileRef = 1AD0F9C62142E30F00490605 /* FoundBookListPresenter.swift */; };
		1AD0F9C82142E30F00490605 /* FoundBookListPresenter.swift in Sources */ = {isa = PBXBuildFile; fileRef = 1AD0F9C62142E30F00490605 /* FoundBookListPresenter.swift */; };
		1AD581BB213ACEAB00D58E5E /* BookState.swift in Sources */ = {isa = PBXBuildFile; fileRef = 1AD581B9213ACEAB00D58E5E /* BookState.swift */; };
		1AD581BE213ACFEE00D58E5E /* BookReducer.swift in Sources */ = {isa = PBXBuildFile; fileRef = 1AD581BC213ACFEE00D58E5E /* BookReducer.swift */; };
		1AD581C1213AEE6C00D58E5E /* PresenterProtocol.swift in Sources */ = {isa = PBXBuildFile; fileRef = 1AD581BF213AEE6C00D58E5E /* PresenterProtocol.swift */; };
		1AD581C5213AEF0100D58E5E /* TokenViewPresenter.swift in Sources */ = {isa = PBXBuildFile; fileRef = 1AD581C3213AEF0100D58E5E /* TokenViewPresenter.swift */; };
		1AD581C9213AF12900D58E5E /* Extensions.swift in Sources */ = {isa = PBXBuildFile; fileRef = 1AD581C7213AF12900D58E5E /* Extensions.swift */; };
		1AD581CC213AFC9F00D58E5E /* TokenState.swift in Sources */ = {isa = PBXBuildFile; fileRef = 1AD581CA213AFC9F00D58E5E /* TokenState.swift */; };
		1AD581CF213AFD9100D58E5E /* TokenReducer.swift in Sources */ = {isa = PBXBuildFile; fileRef = 1AD581CD213AFD9100D58E5E /* TokenReducer.swift */; };
		1AD8C74A213B6B64003F5B19 /* BookListPresenter.swift in Sources */ = {isa = PBXBuildFile; fileRef = 1AD8C748213B6B64003F5B19 /* BookListPresenter.swift */; };
		1AD8C74B213B8230003F5B19 /* AppDelegate.swift in Sources */ = {isa = PBXBuildFile; fileRef = 1A7C40592138290D006AC1E9 /* AppDelegate.swift */; };
		1AD8C74D213B8230003F5B19 /* AppState.swift in Sources */ = {isa = PBXBuildFile; fileRef = 1A0C4F7121385D8A000B6CAB /* AppState.swift */; };
		1AD8C74E213B8230003F5B19 /* RotuingState.swift in Sources */ = {isa = PBXBuildFile; fileRef = 1A0C4F7A21386034000B6CAB /* RotuingState.swift */; };
		1AD8C74F213B8230003F5B19 /* TabState.swift in Sources */ = {isa = PBXBuildFile; fileRef = 1A7F98BD2139BC330067963C /* TabState.swift */; };
		1AD8C750213B8230003F5B19 /* BookState.swift in Sources */ = {isa = PBXBuildFile; fileRef = 1AD581B9213ACEAB00D58E5E /* BookState.swift */; };
		1AD8C751213B8230003F5B19 /* TokenState.swift in Sources */ = {isa = PBXBuildFile; fileRef = 1AD581CA213AFC9F00D58E5E /* TokenState.swift */; };
		1AD8C752213B8230003F5B19 /* AppReducer.swift in Sources */ = {isa = PBXBuildFile; fileRef = 1A0C4F7421385DBD000B6CAB /* AppReducer.swift */; };
		1AD8C753213B8230003F5B19 /* RoutingReducer.swift in Sources */ = {isa = PBXBuildFile; fileRef = 1A0C4F7D213860BE000B6CAB /* RoutingReducer.swift */; };
		1AD8C754213B8230003F5B19 /* BookReducer.swift in Sources */ = {isa = PBXBuildFile; fileRef = 1AD581BC213ACFEE00D58E5E /* BookReducer.swift */; };
		1AD8C755213B8230003F5B19 /* TokenReducer.swift in Sources */ = {isa = PBXBuildFile; fileRef = 1AD581CD213AFD9100D58E5E /* TokenReducer.swift */; };
		1AD8C756213B8230003F5B19 /* AppRouter.swift in Sources */ = {isa = PBXBuildFile; fileRef = 1A0C4F7721385F8E000B6CAB /* AppRouter.swift */; };
		1AD8C757213B8230003F5B19 /* Actions.swift in Sources */ = {isa = PBXBuildFile; fileRef = 1A7F98B62139A1FC0067963C /* Actions.swift */; };
		1AD8C758213B8230003F5B19 /* Middleware.swift in Sources */ = {isa = PBXBuildFile; fileRef = 1A7F98B92139A4ED0067963C /* Middleware.swift */; };
		1AD8C75A213B8230003F5B19 /* BookListViewController.swift in Sources */ = {isa = PBXBuildFile; fileRef = 1A7F98B02139708F0067963C /* BookListViewController.swift */; };
		1AD8C75B213B8230003F5B19 /* TokenViewController.swift in Sources */ = {isa = PBXBuildFile; fileRef = 1A7F98B3213970A20067963C /* TokenViewController.swift */; };
		1AD8C75C213B8230003F5B19 /* TokenViewPresenter.swift in Sources */ = {isa = PBXBuildFile; fileRef = 1AD581C3213AEF0100D58E5E /* TokenViewPresenter.swift */; };
		1AD8C75D213B8230003F5B19 /* BookListPresenter.swift in Sources */ = {isa = PBXBuildFile; fileRef = 1AD8C748213B6B64003F5B19 /* BookListPresenter.swift */; };
		1AD8C75E213B8230003F5B19 /* PresenterProtocol.swift in Sources */ = {isa = PBXBuildFile; fileRef = 1AD581BF213AEE6C00D58E5E /* PresenterProtocol.swift */; };
		1AD8C75F213B8230003F5B19 /* Extensions.swift in Sources */ = {isa = PBXBuildFile; fileRef = 1AD581C7213AF12900D58E5E /* Extensions.swift */; };
		1AE9DAA92147065800764A2B /* Book.swift in Sources */ = {isa = PBXBuildFile; fileRef = 1AE9DAA82147065800764A2B /* Book.swift */; };
		1AE9DAAA2147065800764A2B /* Book.swift in Sources */ = {isa = PBXBuildFile; fileRef = 1AE9DAA82147065800764A2B /* Book.swift */; };
		1AF41622214FFD0B00E3379E /* OwnBookCell.swift in Sources */ = {isa = PBXBuildFile; fileRef = 1AF41621214FFD0B00E3379E /* OwnBookCell.swift */; };
		1AF41623214FFD0B00E3379E /* OwnBookCell.swift in Sources */ = {isa = PBXBuildFile; fileRef = 1AF41621214FFD0B00E3379E /* OwnBookCell.swift */; };
		1AF416282150F65500E3379E /* ViewModelBased.swift in Sources */ = {isa = PBXBuildFile; fileRef = 1AF416272150F65500E3379E /* ViewModelBased.swift */; };
		1AF416292150F65500E3379E /* ViewModelBased.swift in Sources */ = {isa = PBXBuildFile; fileRef = 1AF416272150F65500E3379E /* ViewModelBased.swift */; };
		1AF4A7582143F89B0019DFAF /* FoundBookCell.swift in Sources */ = {isa = PBXBuildFile; fileRef = 1AF4A7572143F89B0019DFAF /* FoundBookCell.swift */; };
		1AF4A7592143F89B0019DFAF /* FoundBookCell.swift in Sources */ = {isa = PBXBuildFile; fileRef = 1AF4A7572143F89B0019DFAF /* FoundBookCell.swift */; };
		1AF4A75C2143F98F0019DFAF /* BaseCustomCell.swift in Sources */ = {isa = PBXBuildFile; fileRef = 1AF4A75B2143F98F0019DFAF /* BaseCustomCell.swift */; };
		1AF4A75D2143F98F0019DFAF /* BaseCustomCell.swift in Sources */ = {isa = PBXBuildFile; fileRef = 1AF4A75B2143F98F0019DFAF /* BaseCustomCell.swift */; };
		3E4A9C9DF9BA515114F8A470 /* Pods_ReadytTests.framework in Frameworks */ = {isa = PBXBuildFile; fileRef = B2CE151B5278378F5594D13B /* Pods_ReadytTests.framework */; };
		8AA0ECB90A554CF462EF66F6 /* Pods_ReadytUITests.framework in Frameworks */ = {isa = PBXBuildFile; fileRef = 9A1AD358C4468395C83B809C /* Pods_ReadytUITests.framework */; };
		ADF8CB56DC386996CFA75B16 /* Pods_Readyt.framework in Frameworks */ = {isa = PBXBuildFile; fileRef = 52B9B0925875D89E380039BD /* Pods_Readyt.framework */; };
/* End PBXBuildFile section */

/* Begin PBXContainerItemProxy section */
		1A7C406B2138290E006AC1E9 /* PBXContainerItemProxy */ = {
			isa = PBXContainerItemProxy;
			containerPortal = 1A7C404E2138290D006AC1E9 /* Project object */;
			proxyType = 1;
			remoteGlobalIDString = 1A7C40552138290D006AC1E9;
			remoteInfo = Readyt;
		};
		1A7C40762138290E006AC1E9 /* PBXContainerItemProxy */ = {
			isa = PBXContainerItemProxy;
			containerPortal = 1A7C404E2138290D006AC1E9 /* Project object */;
			proxyType = 1;
			remoteGlobalIDString = 1A7C40552138290D006AC1E9;
			remoteInfo = Readyt;
		};
/* End PBXContainerItemProxy section */

/* Begin PBXCopyFilesBuildPhase section */
		1A4098542208B547004E03F6 /* Embed Frameworks */ = {
			isa = PBXCopyFilesBuildPhase;
			buildActionMask = 2147483647;
			dstPath = "";
			dstSubfolderSpec = 10;
			files = (
			);
			name = "Embed Frameworks";
			runOnlyForDeploymentPostprocessing = 0;
		};
/* End PBXCopyFilesBuildPhase section */

/* Begin PBXFileReference section */
		09BDF8723ADF0568D79F57F2 /* Pods-Readyt.debug.xcconfig */ = {isa = PBXFileReference; includeInIndex = 1; lastKnownFileType = text.xcconfig; name = "Pods-Readyt.debug.xcconfig"; path = "Pods/Target Support Files/Pods-Readyt/Pods-Readyt.debug.xcconfig"; sourceTree = "<group>"; };
		105DBD7ED4B95CA9C4045D8A /* Pods-ReadytTests.release.xcconfig */ = {isa = PBXFileReference; includeInIndex = 1; lastKnownFileType = text.xcconfig; name = "Pods-ReadytTests.release.xcconfig"; path = "Pods/Target Support Files/Pods-ReadytTests/Pods-ReadytTests.release.xcconfig"; sourceTree = "<group>"; };
		1A0BE36A216380CB00114730 /* FoundBookListState.swift */ = {isa = PBXFileReference; lastKnownFileType = sourcecode.swift; path = FoundBookListState.swift; sourceTree = "<group>"; };
		1A0C4F7121385D8A000B6CAB /* AppState.swift */ = {isa = PBXFileReference; lastKnownFileType = sourcecode.swift; path = AppState.swift; sourceTree = "<group>"; };
		1A0C4F7421385DBD000B6CAB /* AppReducer.swift */ = {isa = PBXFileReference; lastKnownFileType = sourcecode.swift; path = AppReducer.swift; sourceTree = "<group>"; };
		1A0C4F7721385F8E000B6CAB /* AppRouter.swift */ = {isa = PBXFileReference; lastKnownFileType = sourcecode.swift; path = AppRouter.swift; sourceTree = "<group>"; };
		1A0C4F7A21386034000B6CAB /* RotuingState.swift */ = {isa = PBXFileReference; lastKnownFileType = sourcecode.swift; path = RotuingState.swift; sourceTree = "<group>"; };
		1A0C4F7D213860BE000B6CAB /* RoutingReducer.swift */ = {isa = PBXFileReference; lastKnownFileType = sourcecode.swift; path = RoutingReducer.swift; sourceTree = "<group>"; };
		1A3314AF21403FC100FA4B59 /* NewBookViewController.swift */ = {isa = PBXFileReference; lastKnownFileType = sourcecode.swift; path = NewBookViewController.swift; sourceTree = "<group>"; };
		1A3A25AF2141888700308C59 /* NewBookPresenter.swift */ = {isa = PBXFileReference; lastKnownFileType = sourcecode.swift; path = NewBookPresenter.swift; sourceTree = "<group>"; };
		1A3A25B221419A2100308C59 /* SearchViewController.swift */ = {isa = PBXFileReference; lastKnownFileType = sourcecode.swift; path = SearchViewController.swift; sourceTree = "<group>"; };
		1A5B10F5215515C1006207AF /* RatingControl.swift */ = {isa = PBXFileReference; lastKnownFileType = sourcecode.swift; path = RatingControl.swift; sourceTree = "<group>"; };
		1A7C40562138290D006AC1E9 /* Readyt.app */ = {isa = PBXFileReference; explicitFileType = wrapper.application; includeInIndex = 0; path = Readyt.app; sourceTree = BUILT_PRODUCTS_DIR; };
		1A7C40592138290D006AC1E9 /* AppDelegate.swift */ = {isa = PBXFileReference; lastKnownFileType = sourcecode.swift; path = AppDelegate.swift; sourceTree = "<group>"; };
		1A7C405E2138290D006AC1E9 /* Base */ = {isa = PBXFileReference; lastKnownFileType = file.storyboard; name = Base; path = Base.lproj/Main.storyboard; sourceTree = "<group>"; };
		1A7C40602138290E006AC1E9 /* Assets.xcassets */ = {isa = PBXFileReference; lastKnownFileType = folder.assetcatalog; path = Assets.xcassets; sourceTree = "<group>"; };
		1A7C40632138290E006AC1E9 /* Base */ = {isa = PBXFileReference; lastKnownFileType = file.storyboard; name = Base; path = Base.lproj/LaunchScreen.storyboard; sourceTree = "<group>"; };
		1A7C40652138290E006AC1E9 /* Info.plist */ = {isa = PBXFileReference; lastKnownFileType = text.plist.xml; path = Info.plist; sourceTree = "<group>"; };
		1A7C406A2138290E006AC1E9 /* ReadytTests.xctest */ = {isa = PBXFileReference; explicitFileType = wrapper.cfbundle; includeInIndex = 0; path = ReadytTests.xctest; sourceTree = BUILT_PRODUCTS_DIR; };
		1A7C406E2138290E006AC1E9 /* ReadytTests.swift */ = {isa = PBXFileReference; lastKnownFileType = sourcecode.swift; path = ReadytTests.swift; sourceTree = "<group>"; };
		1A7C40702138290E006AC1E9 /* Info.plist */ = {isa = PBXFileReference; lastKnownFileType = text.plist.xml; path = Info.plist; sourceTree = "<group>"; };
		1A7C40752138290E006AC1E9 /* ReadytUITests.xctest */ = {isa = PBXFileReference; explicitFileType = wrapper.cfbundle; includeInIndex = 0; path = ReadytUITests.xctest; sourceTree = BUILT_PRODUCTS_DIR; };
		1A7C40792138290E006AC1E9 /* ReadytUITests.swift */ = {isa = PBXFileReference; lastKnownFileType = sourcecode.swift; path = ReadytUITests.swift; sourceTree = "<group>"; };
		1A7C407B2138290E006AC1E9 /* Info.plist */ = {isa = PBXFileReference; lastKnownFileType = text.plist.xml; path = Info.plist; sourceTree = "<group>"; };
		1A7F98B02139708F0067963C /* BookListViewController.swift */ = {isa = PBXFileReference; lastKnownFileType = sourcecode.swift; path = BookListViewController.swift; sourceTree = "<group>"; };
		1A7F98B3213970A20067963C /* TokenViewController.swift */ = {isa = PBXFileReference; lastKnownFileType = sourcecode.swift; path = TokenViewController.swift; sourceTree = "<group>"; };
		1A7F98B62139A1FC0067963C /* Actions.swift */ = {isa = PBXFileReference; lastKnownFileType = sourcecode.swift; path = Actions.swift; sourceTree = "<group>"; };
		1A7F98B92139A4ED0067963C /* Middleware.swift */ = {isa = PBXFileReference; lastKnownFileType = sourcecode.swift; path = Middleware.swift; sourceTree = "<group>"; };
		1A7F98BD2139BC330067963C /* TabState.swift */ = {isa = PBXFileReference; lastKnownFileType = sourcecode.swift; path = TabState.swift; sourceTree = "<group>"; };
		1AA3289B213ED58C00A178DB /* JSONDomain.swift */ = {isa = PBXFileReference; lastKnownFileType = sourcecode.swift; path = JSONDomain.swift; sourceTree = "<group>"; };
		1ABFF93A213D48B8007E76D7 /* BookAPI.swift */ = {isa = PBXFileReference; lastKnownFileType = sourcecode.swift; path = BookAPI.swift; sourceTree = "<group>"; };
		1AD0F9C02142C8A100490605 /* SearchViewPresenter.swift */ = {isa = PBXFileReference; lastKnownFileType = sourcecode.swift; path = SearchViewPresenter.swift; sourceTree = "<group>"; };
		1AD0F9C32142E21D00490605 /* FoundBookListViewController.swift */ = {isa = PBXFileReference; lastKnownFileType = sourcecode.swift; path = FoundBookListViewController.swift; sourceTree = "<group>"; };
		1AD0F9C62142E30F00490605 /* FoundBookListPresenter.swift */ = {isa = PBXFileReference; lastKnownFileType = sourcecode.swift; path = FoundBookListPresenter.swift; sourceTree = "<group>"; };
		1AD581B9213ACEAB00D58E5E /* BookState.swift */ = {isa = PBXFileReference; lastKnownFileType = sourcecode.swift; path = BookState.swift; sourceTree = "<group>"; };
		1AD581BC213ACFEE00D58E5E /* BookReducer.swift */ = {isa = PBXFileReference; lastKnownFileType = sourcecode.swift; path = BookReducer.swift; sourceTree = "<group>"; };
		1AD581BF213AEE6C00D58E5E /* PresenterProtocol.swift */ = {isa = PBXFileReference; lastKnownFileType = sourcecode.swift; path = PresenterProtocol.swift; sourceTree = "<group>"; };
		1AD581C3213AEF0100D58E5E /* TokenViewPresenter.swift */ = {isa = PBXFileReference; lastKnownFileType = sourcecode.swift; path = TokenViewPresenter.swift; sourceTree = "<group>"; };
		1AD581C7213AF12900D58E5E /* Extensions.swift */ = {isa = PBXFileReference; lastKnownFileType = sourcecode.swift; path = Extensions.swift; sourceTree = "<group>"; };
		1AD581CA213AFC9F00D58E5E /* TokenState.swift */ = {isa = PBXFileReference; lastKnownFileType = sourcecode.swift; path = TokenState.swift; sourceTree = "<group>"; };
		1AD581CD213AFD9100D58E5E /* TokenReducer.swift */ = {isa = PBXFileReference; lastKnownFileType = sourcecode.swift; path = TokenReducer.swift; sourceTree = "<group>"; };
		1AD8C748213B6B64003F5B19 /* BookListPresenter.swift */ = {isa = PBXFileReference; lastKnownFileType = sourcecode.swift; path = BookListPresenter.swift; sourceTree = "<group>"; };
		1AE9DAA82147065800764A2B /* Book.swift */ = {isa = PBXFileReference; lastKnownFileType = sourcecode.swift; path = Book.swift; sourceTree = "<group>"; };
		1AF41621214FFD0B00E3379E /* OwnBookCell.swift */ = {isa = PBXFileReference; lastKnownFileType = sourcecode.swift; path = OwnBookCell.swift; sourceTree = "<group>"; };
		1AF416272150F65500E3379E /* ViewModelBased.swift */ = {isa = PBXFileReference; lastKnownFileType = sourcecode.swift; path = ViewModelBased.swift; sourceTree = "<group>"; };
		1AF4A7572143F89B0019DFAF /* FoundBookCell.swift */ = {isa = PBXFileReference; lastKnownFileType = sourcecode.swift; path = FoundBookCell.swift; sourceTree = "<group>"; };
		1AF4A75B2143F98F0019DFAF /* BaseCustomCell.swift */ = {isa = PBXFileReference; lastKnownFileType = sourcecode.swift; path = BaseCustomCell.swift; sourceTree = "<group>"; };
		2DC7C0EE515C6BD2540640B8 /* Pods-ReadytTests.debug.xcconfig */ = {isa = PBXFileReference; includeInIndex = 1; lastKnownFileType = text.xcconfig; name = "Pods-ReadytTests.debug.xcconfig"; path = "Pods/Target Support Files/Pods-ReadytTests/Pods-ReadytTests.debug.xcconfig"; sourceTree = "<group>"; };
		323F787BB6A71CE178C24BF0 /* Pods-Readyt.release.xcconfig */ = {isa = PBXFileReference; includeInIndex = 1; lastKnownFileType = text.xcconfig; name = "Pods-Readyt.release.xcconfig"; path = "Pods/Target Support Files/Pods-Readyt/Pods-Readyt.release.xcconfig"; sourceTree = "<group>"; };
		52B9B0925875D89E380039BD /* Pods_Readyt.framework */ = {isa = PBXFileReference; explicitFileType = wrapper.framework; includeInIndex = 0; path = Pods_Readyt.framework; sourceTree = BUILT_PRODUCTS_DIR; };
		7D2F83E6E0F34357682C2955 /* Pods-ReadytUITests.release.xcconfig */ = {isa = PBXFileReference; includeInIndex = 1; lastKnownFileType = text.xcconfig; name = "Pods-ReadytUITests.release.xcconfig"; path = "Pods/Target Support Files/Pods-ReadytUITests/Pods-ReadytUITests.release.xcconfig"; sourceTree = "<group>"; };
		9A1AD358C4468395C83B809C /* Pods_ReadytUITests.framework */ = {isa = PBXFileReference; explicitFileType = wrapper.framework; includeInIndex = 0; path = Pods_ReadytUITests.framework; sourceTree = BUILT_PRODUCTS_DIR; };
		B2CE151B5278378F5594D13B /* Pods_ReadytTests.framework */ = {isa = PBXFileReference; explicitFileType = wrapper.framework; includeInIndex = 0; path = Pods_ReadytTests.framework; sourceTree = BUILT_PRODUCTS_DIR; };
		B68B7C2139ACCA83F06DBC9D /* Pods-ReadytUITests.debug.xcconfig */ = {isa = PBXFileReference; includeInIndex = 1; lastKnownFileType = text.xcconfig; name = "Pods-ReadytUITests.debug.xcconfig"; path = "Pods/Target Support Files/Pods-ReadytUITests/Pods-ReadytUITests.debug.xcconfig"; sourceTree = "<group>"; };
/* End PBXFileReference section */

/* Begin PBXFrameworksBuildPhase section */
		1A7C40532138290D006AC1E9 /* Frameworks */ = {
			isa = PBXFrameworksBuildPhase;
			buildActionMask = 2147483647;
			files = (
				ADF8CB56DC386996CFA75B16 /* Pods_Readyt.framework in Frameworks */,
			);
			runOnlyForDeploymentPostprocessing = 0;
		};
		1A7C40672138290E006AC1E9 /* Frameworks */ = {
			isa = PBXFrameworksBuildPhase;
			buildActionMask = 2147483647;
			files = (
				3E4A9C9DF9BA515114F8A470 /* Pods_ReadytTests.framework in Frameworks */,
			);
			runOnlyForDeploymentPostprocessing = 0;
		};
		1A7C40722138290E006AC1E9 /* Frameworks */ = {
			isa = PBXFrameworksBuildPhase;
			buildActionMask = 2147483647;
			files = (
				8AA0ECB90A554CF462EF66F6 /* Pods_ReadytUITests.framework in Frameworks */,
			);
			runOnlyForDeploymentPostprocessing = 0;
		};
/* End PBXFrameworksBuildPhase section */

/* Begin PBXGroup section */
		1A7C404D2138290D006AC1E9 = {
			isa = PBXGroup;
			children = (
				1A7C40582138290D006AC1E9 /* Readyt */,
				1A7C406D2138290E006AC1E9 /* ReadytTests */,
				1A7C40782138290E006AC1E9 /* ReadytUITests */,
				1A7C40572138290D006AC1E9 /* Products */,
				F5930B1CD300A0541ED60088 /* Pods */,
				67F9246D82845935A5CF3704 /* Frameworks */,
			);
			sourceTree = "<group>";
		};
		1A7C40572138290D006AC1E9 /* Products */ = {
			isa = PBXGroup;
			children = (
				1A7C40562138290D006AC1E9 /* Readyt.app */,
				1A7C406A2138290E006AC1E9 /* ReadytTests.xctest */,
				1A7C40752138290E006AC1E9 /* ReadytUITests.xctest */,
			);
			name = Products;
			sourceTree = "<group>";
		};
		1A7C40582138290D006AC1E9 /* Readyt */ = {
			isa = PBXGroup;
			children = (
				1A7C40592138290D006AC1E9 /* AppDelegate.swift */,
				1A7C405D2138290D006AC1E9 /* Main.storyboard */,
				1A7C40602138290E006AC1E9 /* Assets.xcassets */,
				1A7C40622138290E006AC1E9 /* LaunchScreen.storyboard */,
				1A7C40652138290E006AC1E9 /* Info.plist */,
				1A7F98C02139C4170067963C /* Redux */,
				1AD581C2213AEEE900D58E5E /* ViewControllers */,
				1AD581C7213AF12900D58E5E /* Extensions.swift */,
				1AF4A7562143F86A0019DFAF /* Book API */,
				1AF4A75A2143F8A30019DFAF /* Custom Cells */,
				1AE9DAA82147065800764A2B /* Book.swift */,
				1A5B10F5215515C1006207AF /* RatingControl.swift */,
			);
			path = Readyt;
			sourceTree = "<group>";
		};
		1A7C406D2138290E006AC1E9 /* ReadytTests */ = {
			isa = PBXGroup;
			children = (
				1A7C406E2138290E006AC1E9 /* ReadytTests.swift */,
				1A7C40702138290E006AC1E9 /* Info.plist */,
			);
			path = ReadytTests;
			sourceTree = "<group>";
		};
		1A7C40782138290E006AC1E9 /* ReadytUITests */ = {
			isa = PBXGroup;
			children = (
				1A7C40792138290E006AC1E9 /* ReadytUITests.swift */,
				1A7C407B2138290E006AC1E9 /* Info.plist */,
			);
			path = ReadytUITests;
			sourceTree = "<group>";
		};
		1A7F98BC2139BC230067963C /* State */ = {
			isa = PBXGroup;
			children = (
				1A0C4F7121385D8A000B6CAB /* AppState.swift */,
				1A0C4F7A21386034000B6CAB /* RotuingState.swift */,
				1A7F98BD2139BC330067963C /* TabState.swift */,
				1AD581B9213ACEAB00D58E5E /* BookState.swift */,
				1AD581CA213AFC9F00D58E5E /* TokenState.swift */,
				1A0BE36A216380CB00114730 /* FoundBookListState.swift */,
			);
			path = State;
			sourceTree = "<group>";
		};
		1A7F98C02139C4170067963C /* Redux */ = {
			isa = PBXGroup;
			children = (
				1A7F98BC2139BC230067963C /* State */,
				1A7F98C12139C4270067963C /* Reducer */,
				1A0C4F7721385F8E000B6CAB /* AppRouter.swift */,
				1A7F98C22139C4340067963C /* Actions */,
				1A7F98B92139A4ED0067963C /* Middleware.swift */,
			);
			path = Redux;
			sourceTree = "<group>";
		};
		1A7F98C12139C4270067963C /* Reducer */ = {
			isa = PBXGroup;
			children = (
				1A0C4F7421385DBD000B6CAB /* AppReducer.swift */,
				1A0C4F7D213860BE000B6CAB /* RoutingReducer.swift */,
				1AD581BC213ACFEE00D58E5E /* BookReducer.swift */,
				1AD581CD213AFD9100D58E5E /* TokenReducer.swift */,
			);
			path = Reducer;
			sourceTree = "<group>";
		};
		1A7F98C22139C4340067963C /* Actions */ = {
			isa = PBXGroup;
			children = (
				1A7F98B62139A1FC0067963C /* Actions.swift */,
			);
			path = Actions;
			sourceTree = "<group>";
		};
		1AD581C2213AEEE900D58E5E /* ViewControllers */ = {
			isa = PBXGroup;
			children = (
				1AD0F9C32142E21D00490605 /* FoundBookListViewController.swift */,
				1A7F98B02139708F0067963C /* BookListViewController.swift */,
				1A7F98B3213970A20067963C /* TokenViewController.swift */,
				1A3314AF21403FC100FA4B59 /* NewBookViewController.swift */,
				1A3A25B221419A2100308C59 /* SearchViewController.swift */,
				1AD581C6213AEF0600D58E5E /* Presenter */,
				1AF416272150F65500E3379E /* ViewModelBased.swift */,
			);
			path = ViewControllers;
			sourceTree = "<group>";
		};
		1AD581C6213AEF0600D58E5E /* Presenter */ = {
			isa = PBXGroup;
			children = (
				1AD581BF213AEE6C00D58E5E /* PresenterProtocol.swift */,
				1AD581C3213AEF0100D58E5E /* TokenViewPresenter.swift */,
				1AD8C748213B6B64003F5B19 /* BookListPresenter.swift */,
				1A3A25AF2141888700308C59 /* NewBookPresenter.swift */,
				1AD0F9C02142C8A100490605 /* SearchViewPresenter.swift */,
				1AD0F9C62142E30F00490605 /* FoundBookListPresenter.swift */,
			);
			path = Presenter;
			sourceTree = "<group>";
		};
		1AF4A7562143F86A0019DFAF /* Book API */ = {
			isa = PBXGroup;
			children = (
				1ABFF93A213D48B8007E76D7 /* BookAPI.swift */,
				1AA3289B213ED58C00A178DB /* JSONDomain.swift */,
			);
			path = "Book API";
			sourceTree = "<group>";
		};
		1AF4A75A2143F8A30019DFAF /* Custom Cells */ = {
			isa = PBXGroup;
			children = (
				1AF4A7572143F89B0019DFAF /* FoundBookCell.swift */,
				1AF4A75B2143F98F0019DFAF /* BaseCustomCell.swift */,
				1AF41621214FFD0B00E3379E /* OwnBookCell.swift */,
			);
			path = "Custom Cells";
			sourceTree = "<group>";
		};
		67F9246D82845935A5CF3704 /* Frameworks */ = {
			isa = PBXGroup;
			children = (
				52B9B0925875D89E380039BD /* Pods_Readyt.framework */,
				B2CE151B5278378F5594D13B /* Pods_ReadytTests.framework */,
				9A1AD358C4468395C83B809C /* Pods_ReadytUITests.framework */,
			);
			name = Frameworks;
			sourceTree = "<group>";
		};
		F5930B1CD300A0541ED60088 /* Pods */ = {
			isa = PBXGroup;
			children = (
				09BDF8723ADF0568D79F57F2 /* Pods-Readyt.debug.xcconfig */,
				323F787BB6A71CE178C24BF0 /* Pods-Readyt.release.xcconfig */,
				2DC7C0EE515C6BD2540640B8 /* Pods-ReadytTests.debug.xcconfig */,
				105DBD7ED4B95CA9C4045D8A /* Pods-ReadytTests.release.xcconfig */,
				B68B7C2139ACCA83F06DBC9D /* Pods-ReadytUITests.debug.xcconfig */,
				7D2F83E6E0F34357682C2955 /* Pods-ReadytUITests.release.xcconfig */,
			);
			name = Pods;
			sourceTree = "<group>";
		};
/* End PBXGroup section */

/* Begin PBXNativeTarget section */
		1A7C40552138290D006AC1E9 /* Readyt */ = {
			isa = PBXNativeTarget;
			buildConfigurationList = 1A7C407E2138290E006AC1E9 /* Build configuration list for PBXNativeTarget "Readyt" */;
			buildPhases = (
				411F03EC7AADAF6B1F02C174 /* [CP] Check Pods Manifest.lock */,
				1A7C40522138290D006AC1E9 /* Sources */,
				1A7C40532138290D006AC1E9 /* Frameworks */,
				1A7C40542138290D006AC1E9 /* Resources */,
				1A3950FD21384AD4005B93D3 /* Swift Lint */,
				1A4098542208B547004E03F6 /* Embed Frameworks */,
				9A30FCEA1E672F7B64C2873D /* [CP] Embed Pods Frameworks */,
			);
			buildRules = (
			);
			dependencies = (
			);
			name = Readyt;
			productName = Readyt;
			productReference = 1A7C40562138290D006AC1E9 /* Readyt.app */;
			productType = "com.apple.product-type.application";
		};
		1A7C40692138290E006AC1E9 /* ReadytTests */ = {
			isa = PBXNativeTarget;
			buildConfigurationList = 1A7C40812138290E006AC1E9 /* Build configuration list for PBXNativeTarget "ReadytTests" */;
			buildPhases = (
				FDC0174489421A2AD193BD78 /* [CP] Check Pods Manifest.lock */,
				1A7C40662138290E006AC1E9 /* Sources */,
				1A7C40672138290E006AC1E9 /* Frameworks */,
				1A7C40682138290E006AC1E9 /* Resources */,
			);
			buildRules = (
			);
			dependencies = (
				1A7C406C2138290E006AC1E9 /* PBXTargetDependency */,
			);
			name = ReadytTests;
			productName = ReadytTests;
			productReference = 1A7C406A2138290E006AC1E9 /* ReadytTests.xctest */;
			productType = "com.apple.product-type.bundle.unit-test";
		};
		1A7C40742138290E006AC1E9 /* ReadytUITests */ = {
			isa = PBXNativeTarget;
			buildConfigurationList = 1A7C40842138290E006AC1E9 /* Build configuration list for PBXNativeTarget "ReadytUITests" */;
			buildPhases = (
				D5F40453506487006C74EA67 /* [CP] Check Pods Manifest.lock */,
				1A7C40712138290E006AC1E9 /* Sources */,
				1A7C40722138290E006AC1E9 /* Frameworks */,
				1A7C40732138290E006AC1E9 /* Resources */,
			);
			buildRules = (
			);
			dependencies = (
				1A7C40772138290E006AC1E9 /* PBXTargetDependency */,
			);
			name = ReadytUITests;
			productName = ReadytUITests;
			productReference = 1A7C40752138290E006AC1E9 /* ReadytUITests.xctest */;
			productType = "com.apple.product-type.bundle.ui-testing";
		};
/* End PBXNativeTarget section */

/* Begin PBXProject section */
		1A7C404E2138290D006AC1E9 /* Project object */ = {
			isa = PBXProject;
			attributes = {
				LastSwiftUpdateCheck = 1000;
				LastUpgradeCheck = 1000;
				ORGANIZATIONNAME = "Raul Martinez Padilla";
				TargetAttributes = {
					1A7C40552138290D006AC1E9 = {
						CreatedOnToolsVersion = 10.0;
					};
					1A7C40692138290E006AC1E9 = {
						CreatedOnToolsVersion = 10.0;
						TestTargetID = 1A7C40552138290D006AC1E9;
					};
					1A7C40742138290E006AC1E9 = {
						CreatedOnToolsVersion = 10.0;
						TestTargetID = 1A7C40552138290D006AC1E9;
					};
				};
			};
			buildConfigurationList = 1A7C40512138290D006AC1E9 /* Build configuration list for PBXProject "Readyt" */;
			compatibilityVersion = "Xcode 9.3";
			developmentRegion = en;
			hasScannedForEncodings = 0;
			knownRegions = (
				en,
				Base,
			);
			mainGroup = 1A7C404D2138290D006AC1E9;
			productRefGroup = 1A7C40572138290D006AC1E9 /* Products */;
			projectDirPath = "";
			projectRoot = "";
			targets = (
				1A7C40552138290D006AC1E9 /* Readyt */,
				1A7C40692138290E006AC1E9 /* ReadytTests */,
				1A7C40742138290E006AC1E9 /* ReadytUITests */,
			);
		};
/* End PBXProject section */

/* Begin PBXResourcesBuildPhase section */
		1A7C40542138290D006AC1E9 /* Resources */ = {
			isa = PBXResourcesBuildPhase;
			buildActionMask = 2147483647;
			files = (
				1A7C40642138290E006AC1E9 /* LaunchScreen.storyboard in Resources */,
				1A7C40612138290E006AC1E9 /* Assets.xcassets in Resources */,
				1A7C405F2138290D006AC1E9 /* Main.storyboard in Resources */,
			);
			runOnlyForDeploymentPostprocessing = 0;
		};
		1A7C40682138290E006AC1E9 /* Resources */ = {
			isa = PBXResourcesBuildPhase;
			buildActionMask = 2147483647;
			files = (
			);
			runOnlyForDeploymentPostprocessing = 0;
		};
		1A7C40732138290E006AC1E9 /* Resources */ = {
			isa = PBXResourcesBuildPhase;
			buildActionMask = 2147483647;
			files = (
			);
			runOnlyForDeploymentPostprocessing = 0;
		};
/* End PBXResourcesBuildPhase section */

/* Begin PBXShellScriptBuildPhase section */
		1A3950FD21384AD4005B93D3 /* Swift Lint */ = {
			isa = PBXShellScriptBuildPhase;
			buildActionMask = 2147483647;
			files = (
			);
			inputPaths = (
			);
			name = "Swift Lint";
			outputPaths = (
			);
			runOnlyForDeploymentPostprocessing = 0;
			shellPath = /bin/sh;
			shellScript = "#if which swiftlint >/dev/null; then\n#swiftlint\n#else\n#echo \"warning: SwiftLint not installed, download from https://github.com/realm/SwiftLint\"\n#fi\n";
		};
		411F03EC7AADAF6B1F02C174 /* [CP] Check Pods Manifest.lock */ = {
			isa = PBXShellScriptBuildPhase;
			buildActionMask = 2147483647;
			files = (
			);
			inputFileListPaths = (
			);
			inputPaths = (
				"${PODS_PODFILE_DIR_PATH}/Podfile.lock",
				"${PODS_ROOT}/Manifest.lock",
			);
			name = "[CP] Check Pods Manifest.lock";
			outputFileListPaths = (
			);
			outputPaths = (
				"$(DERIVED_FILE_DIR)/Pods-Readyt-checkManifestLockResult.txt",
			);
			runOnlyForDeploymentPostprocessing = 0;
			shellPath = /bin/sh;
			shellScript = "diff \"${PODS_PODFILE_DIR_PATH}/Podfile.lock\" \"${PODS_ROOT}/Manifest.lock\" > /dev/null\nif [ $? != 0 ] ; then\n    # print error to STDERR\n    echo \"error: The sandbox is not in sync with the Podfile.lock. Run 'pod install' or update your CocoaPods installation.\" >&2\n    exit 1\nfi\n# This output is used by Xcode 'outputs' to avoid re-running this script phase.\necho \"SUCCESS\" > \"${SCRIPT_OUTPUT_FILE_0}\"\n";
			showEnvVarsInLog = 0;
		};
		9A30FCEA1E672F7B64C2873D /* [CP] Embed Pods Frameworks */ = {
			isa = PBXShellScriptBuildPhase;
			buildActionMask = 2147483647;
			files = (
			);
			inputFileListPaths = (
			);
			inputPaths = (
				"${SRCROOT}/Pods/Target Support Files/Pods-Readyt/Pods-Readyt-frameworks.sh",
				"${BUILT_PRODUCTS_DIR}/Kingfisher/Kingfisher.framework",
				"${BUILT_PRODUCTS_DIR}/ReSwift/ReSwift.framework",
				"${BUILT_PRODUCTS_DIR}/RxAtomic/RxAtomic.framework",
				"${BUILT_PRODUCTS_DIR}/RxCocoa/RxCocoa.framework",
				"${BUILT_PRODUCTS_DIR}/RxSwift/RxSwift.framework",
			);
			name = "[CP] Embed Pods Frameworks";
			outputFileListPaths = (
			);
			outputPaths = (
				"${TARGET_BUILD_DIR}/${FRAMEWORKS_FOLDER_PATH}/Kingfisher.framework",
				"${TARGET_BUILD_DIR}/${FRAMEWORKS_FOLDER_PATH}/ReSwift.framework",
				"${TARGET_BUILD_DIR}/${FRAMEWORKS_FOLDER_PATH}/RxAtomic.framework",
				"${TARGET_BUILD_DIR}/${FRAMEWORKS_FOLDER_PATH}/RxCocoa.framework",
				"${TARGET_BUILD_DIR}/${FRAMEWORKS_FOLDER_PATH}/RxSwift.framework",
			);
			runOnlyForDeploymentPostprocessing = 0;
			shellPath = /bin/sh;
			shellScript = "\"${SRCROOT}/Pods/Target Support Files/Pods-Readyt/Pods-Readyt-frameworks.sh\"\n";
			showEnvVarsInLog = 0;
		};
		D5F40453506487006C74EA67 /* [CP] Check Pods Manifest.lock */ = {
			isa = PBXShellScriptBuildPhase;
			buildActionMask = 2147483647;
			files = (
			);
			inputFileListPaths = (
			);
			inputPaths = (
				"${PODS_PODFILE_DIR_PATH}/Podfile.lock",
				"${PODS_ROOT}/Manifest.lock",
			);
			name = "[CP] Check Pods Manifest.lock";
			outputFileListPaths = (
			);
			outputPaths = (
				"$(DERIVED_FILE_DIR)/Pods-ReadytUITests-checkManifestLockResult.txt",
			);
			runOnlyForDeploymentPostprocessing = 0;
			shellPath = /bin/sh;
			shellScript = "diff \"${PODS_PODFILE_DIR_PATH}/Podfile.lock\" \"${PODS_ROOT}/Manifest.lock\" > /dev/null\nif [ $? != 0 ] ; then\n    # print error to STDERR\n    echo \"error: The sandbox is not in sync with the Podfile.lock. Run 'pod install' or update your CocoaPods installation.\" >&2\n    exit 1\nfi\n# This output is used by Xcode 'outputs' to avoid re-running this script phase.\necho \"SUCCESS\" > \"${SCRIPT_OUTPUT_FILE_0}\"\n";
			showEnvVarsInLog = 0;
		};
		FDC0174489421A2AD193BD78 /* [CP] Check Pods Manifest.lock */ = {
			isa = PBXShellScriptBuildPhase;
			buildActionMask = 2147483647;
			files = (
			);
			inputFileListPaths = (
			);
			inputPaths = (
				"${PODS_PODFILE_DIR_PATH}/Podfile.lock",
				"${PODS_ROOT}/Manifest.lock",
			);
			name = "[CP] Check Pods Manifest.lock";
			outputFileListPaths = (
			);
			outputPaths = (
				"$(DERIVED_FILE_DIR)/Pods-ReadytTests-checkManifestLockResult.txt",
			);
			runOnlyForDeploymentPostprocessing = 0;
			shellPath = /bin/sh;
			shellScript = "diff \"${PODS_PODFILE_DIR_PATH}/Podfile.lock\" \"${PODS_ROOT}/Manifest.lock\" > /dev/null\nif [ $? != 0 ] ; then\n    # print error to STDERR\n    echo \"error: The sandbox is not in sync with the Podfile.lock. Run 'pod install' or update your CocoaPods installation.\" >&2\n    exit 1\nfi\n# This output is used by Xcode 'outputs' to avoid re-running this script phase.\necho \"SUCCESS\" > \"${SCRIPT_OUTPUT_FILE_0}\"\n";
			showEnvVarsInLog = 0;
		};
/* End PBXShellScriptBuildPhase section */

/* Begin PBXSourcesBuildPhase section */
		1A7C40522138290D006AC1E9 /* Sources */ = {
			isa = PBXSourcesBuildPhase;
			buildActionMask = 2147483647;
			files = (
				1AD8C74B213B8230003F5B19 /* AppDelegate.swift in Sources */,
				1A5B10F6215515C1006207AF /* RatingControl.swift in Sources */,
				1AD8C74D213B8230003F5B19 /* AppState.swift in Sources */,
				1AD8C74E213B8230003F5B19 /* RotuingState.swift in Sources */,
				1AD8C74F213B8230003F5B19 /* TabState.swift in Sources */,
				1AA3289C213ED58C00A178DB /* JSONDomain.swift in Sources */,
				1AD8C750213B8230003F5B19 /* BookState.swift in Sources */,
				1AD8C751213B8230003F5B19 /* TokenState.swift in Sources */,
				1AD8C752213B8230003F5B19 /* AppReducer.swift in Sources */,
				1AE9DAA92147065800764A2B /* Book.swift in Sources */,
				1AD8C753213B8230003F5B19 /* RoutingReducer.swift in Sources */,
				1AF41622214FFD0B00E3379E /* OwnBookCell.swift in Sources */,
				1A3314B021403FC100FA4B59 /* NewBookViewController.swift in Sources */,
				1AD8C754213B8230003F5B19 /* BookReducer.swift in Sources */,
				1AF416282150F65500E3379E /* ViewModelBased.swift in Sources */,
				1A0BE36B216380CB00114730 /* FoundBookListState.swift in Sources */,
				1AD8C755213B8230003F5B19 /* TokenReducer.swift in Sources */,
				1AD8C756213B8230003F5B19 /* AppRouter.swift in Sources */,
				1AD8C757213B8230003F5B19 /* Actions.swift in Sources */,
				1A3A25B321419A2100308C59 /* SearchViewController.swift in Sources */,
				1AD8C758213B8230003F5B19 /* Middleware.swift in Sources */,
				1AD8C75A213B8230003F5B19 /* BookListViewController.swift in Sources */,
				1AF4A7582143F89B0019DFAF /* FoundBookCell.swift in Sources */,
				1AD8C75B213B8230003F5B19 /* TokenViewController.swift in Sources */,
				1AD0F9C42142E21D00490605 /* FoundBookListViewController.swift in Sources */,
				1AD0F9C12142C8A100490605 /* SearchViewPresenter.swift in Sources */,
				1AD8C75C213B8230003F5B19 /* TokenViewPresenter.swift in Sources */,
				1AD0F9C72142E30F00490605 /* FoundBookListPresenter.swift in Sources */,
				1AD8C75D213B8230003F5B19 /* BookListPresenter.swift in Sources */,
				1AD8C75E213B8230003F5B19 /* PresenterProtocol.swift in Sources */,
				1AD8C75F213B8230003F5B19 /* Extensions.swift in Sources */,
				1AF4A75C2143F98F0019DFAF /* BaseCustomCell.swift in Sources */,
				1A3A25B02141888700308C59 /* NewBookPresenter.swift in Sources */,
				1ABFF93B213D48B8007E76D7 /* BookAPI.swift in Sources */,
			);
			runOnlyForDeploymentPostprocessing = 0;
		};
		1A7C40662138290E006AC1E9 /* Sources */ = {
			isa = PBXSourcesBuildPhase;
			buildActionMask = 2147483647;
			files = (
				1AD581CF213AFD9100D58E5E /* TokenReducer.swift in Sources */,
				1AD581BB213ACEAB00D58E5E /* BookState.swift in Sources */,
				1A7F98B5213970A20067963C /* TokenViewController.swift in Sources */,
				1A0C4F7C21386034000B6CAB /* RotuingState.swift in Sources */,
				1AD0F9C82142E30F00490605 /* FoundBookListPresenter.swift in Sources */,
				1AF41623214FFD0B00E3379E /* OwnBookCell.swift in Sources */,
				1AD581BE213ACFEE00D58E5E /* BookReducer.swift in Sources */,
				1A7F98BB2139A4ED0067963C /* Middleware.swift in Sources */,
				1A0C4F7F213860BE000B6CAB /* RoutingReducer.swift in Sources */,
				1A0C4F7921385F8E000B6CAB /* AppRouter.swift in Sources */,
				1AD581CC213AFC9F00D58E5E /* TokenState.swift in Sources */,
				1AD581C5213AEF0100D58E5E /* TokenViewPresenter.swift in Sources */,
				1AD0F9C52142E21D00490605 /* FoundBookListViewController.swift in Sources */,
				1A7F98BF2139BC330067963C /* TabState.swift in Sources */,
				1AF4A7592143F89B0019DFAF /* FoundBookCell.swift in Sources */,
				1A7F98B82139A1FC0067963C /* Actions.swift in Sources */,
				1A3A25B421419A2100308C59 /* SearchViewController.swift in Sources */,
				1AE9DAAA2147065800764A2B /* Book.swift in Sources */,
				1A0C4F7621385DBD000B6CAB /* AppReducer.swift in Sources */,
				1A7F98B22139708F0067963C /* BookListViewController.swift in Sources */,
				1A7C406F2138290E006AC1E9 /* ReadytTests.swift in Sources */,
				1AF4A75D2143F98F0019DFAF /* BaseCustomCell.swift in Sources */,
				1AF416292150F65500E3379E /* ViewModelBased.swift in Sources */,
				1A0BE36C216380CB00114730 /* FoundBookListState.swift in Sources */,
				1AD581C9213AF12900D58E5E /* Extensions.swift in Sources */,
				1AD8C74A213B6B64003F5B19 /* BookListPresenter.swift in Sources */,
				1A0C4F7321385D8A000B6CAB /* AppState.swift in Sources */,
				1A3314B121403FC100FA4B59 /* NewBookViewController.swift in Sources */,
				1A3A25B12141888700308C59 /* NewBookPresenter.swift in Sources */,
				1AD581C1213AEE6C00D58E5E /* PresenterProtocol.swift in Sources */,
				1AD0F9C22142C8A100490605 /* SearchViewPresenter.swift in Sources */,
				1A5B10F7215515C1006207AF /* RatingControl.swift in Sources */,
			);
			runOnlyForDeploymentPostprocessing = 0;
		};
		1A7C40712138290E006AC1E9 /* Sources */ = {
			isa = PBXSourcesBuildPhase;
			buildActionMask = 2147483647;
			files = (
				1A7C407A2138290E006AC1E9 /* ReadytUITests.swift in Sources */,
			);
			runOnlyForDeploymentPostprocessing = 0;
		};
/* End PBXSourcesBuildPhase section */

/* Begin PBXTargetDependency section */
		1A7C406C2138290E006AC1E9 /* PBXTargetDependency */ = {
			isa = PBXTargetDependency;
			target = 1A7C40552138290D006AC1E9 /* Readyt */;
			targetProxy = 1A7C406B2138290E006AC1E9 /* PBXContainerItemProxy */;
		};
		1A7C40772138290E006AC1E9 /* PBXTargetDependency */ = {
			isa = PBXTargetDependency;
			target = 1A7C40552138290D006AC1E9 /* Readyt */;
			targetProxy = 1A7C40762138290E006AC1E9 /* PBXContainerItemProxy */;
		};
/* End PBXTargetDependency section */

/* Begin PBXVariantGroup section */
		1A7C405D2138290D006AC1E9 /* Main.storyboard */ = {
			isa = PBXVariantGroup;
			children = (
				1A7C405E2138290D006AC1E9 /* Base */,
			);
			name = Main.storyboard;
			sourceTree = "<group>";
		};
		1A7C40622138290E006AC1E9 /* LaunchScreen.storyboard */ = {
			isa = PBXVariantGroup;
			children = (
				1A7C40632138290E006AC1E9 /* Base */,
			);
			name = LaunchScreen.storyboard;
			sourceTree = "<group>";
		};
/* End PBXVariantGroup section */

/* Begin XCBuildConfiguration section */
		1A7C407C2138290E006AC1E9 /* Debug */ = {
			isa = XCBuildConfiguration;
			buildSettings = {
				ALWAYS_SEARCH_USER_PATHS = NO;
				CLANG_ANALYZER_NONNULL = YES;
				CLANG_ANALYZER_NUMBER_OBJECT_CONVERSION = YES_AGGRESSIVE;
				CLANG_CXX_LANGUAGE_STANDARD = "gnu++14";
				CLANG_CXX_LIBRARY = "libc++";
				CLANG_ENABLE_MODULES = YES;
				CLANG_ENABLE_OBJC_ARC = YES;
				CLANG_ENABLE_OBJC_WEAK = YES;
				CLANG_WARN_BLOCK_CAPTURE_AUTORELEASING = YES;
				CLANG_WARN_BOOL_CONVERSION = YES;
				CLANG_WARN_COMMA = YES;
				CLANG_WARN_CONSTANT_CONVERSION = YES;
				CLANG_WARN_DEPRECATED_OBJC_IMPLEMENTATIONS = YES;
				CLANG_WARN_DIRECT_OBJC_ISA_USAGE = YES_ERROR;
				CLANG_WARN_DOCUMENTATION_COMMENTS = YES;
				CLANG_WARN_EMPTY_BODY = YES;
				CLANG_WARN_ENUM_CONVERSION = YES;
				CLANG_WARN_INFINITE_RECURSION = YES;
				CLANG_WARN_INT_CONVERSION = YES;
				CLANG_WARN_NON_LITERAL_NULL_CONVERSION = YES;
				CLANG_WARN_OBJC_IMPLICIT_RETAIN_SELF = YES;
				CLANG_WARN_OBJC_LITERAL_CONVERSION = YES;
				CLANG_WARN_OBJC_ROOT_CLASS = YES_ERROR;
				CLANG_WARN_RANGE_LOOP_ANALYSIS = YES;
				CLANG_WARN_STRICT_PROTOTYPES = YES;
				CLANG_WARN_SUSPICIOUS_MOVE = YES;
				CLANG_WARN_UNGUARDED_AVAILABILITY = YES_AGGRESSIVE;
				CLANG_WARN_UNREACHABLE_CODE = YES;
				CLANG_WARN__DUPLICATE_METHOD_MATCH = YES;
				CODE_SIGN_IDENTITY = "iPhone Developer";
				COPY_PHASE_STRIP = NO;
				DEBUG_INFORMATION_FORMAT = dwarf;
				ENABLE_STRICT_OBJC_MSGSEND = YES;
				ENABLE_TESTABILITY = YES;
				GCC_C_LANGUAGE_STANDARD = gnu11;
				GCC_DYNAMIC_NO_PIC = NO;
				GCC_NO_COMMON_BLOCKS = YES;
				GCC_OPTIMIZATION_LEVEL = 0;
				GCC_PREPROCESSOR_DEFINITIONS = (
					"DEBUG=1",
					"$(inherited)",
				);
				GCC_WARN_64_TO_32_BIT_CONVERSION = YES;
				GCC_WARN_ABOUT_RETURN_TYPE = YES_ERROR;
				GCC_WARN_UNDECLARED_SELECTOR = YES;
				GCC_WARN_UNINITIALIZED_AUTOS = YES_AGGRESSIVE;
				GCC_WARN_UNUSED_FUNCTION = YES;
				GCC_WARN_UNUSED_VARIABLE = YES;
				IPHONEOS_DEPLOYMENT_TARGET = 11.4;
				MTL_ENABLE_DEBUG_INFO = INCLUDE_SOURCE;
				MTL_FAST_MATH = YES;
				ONLY_ACTIVE_ARCH = YES;
				SDKROOT = iphoneos;
				SWIFT_ACTIVE_COMPILATION_CONDITIONS = DEBUG;
				SWIFT_OPTIMIZATION_LEVEL = "-Onone";
			};
			name = Debug;
		};
		1A7C407D2138290E006AC1E9 /* Release */ = {
			isa = XCBuildConfiguration;
			buildSettings = {
				ALWAYS_SEARCH_USER_PATHS = NO;
				CLANG_ANALYZER_NONNULL = YES;
				CLANG_ANALYZER_NUMBER_OBJECT_CONVERSION = YES_AGGRESSIVE;
				CLANG_CXX_LANGUAGE_STANDARD = "gnu++14";
				CLANG_CXX_LIBRARY = "libc++";
				CLANG_ENABLE_MODULES = YES;
				CLANG_ENABLE_OBJC_ARC = YES;
				CLANG_ENABLE_OBJC_WEAK = YES;
				CLANG_WARN_BLOCK_CAPTURE_AUTORELEASING = YES;
				CLANG_WARN_BOOL_CONVERSION = YES;
				CLANG_WARN_COMMA = YES;
				CLANG_WARN_CONSTANT_CONVERSION = YES;
				CLANG_WARN_DEPRECATED_OBJC_IMPLEMENTATIONS = YES;
				CLANG_WARN_DIRECT_OBJC_ISA_USAGE = YES_ERROR;
				CLANG_WARN_DOCUMENTATION_COMMENTS = YES;
				CLANG_WARN_EMPTY_BODY = YES;
				CLANG_WARN_ENUM_CONVERSION = YES;
				CLANG_WARN_INFINITE_RECURSION = YES;
				CLANG_WARN_INT_CONVERSION = YES;
				CLANG_WARN_NON_LITERAL_NULL_CONVERSION = YES;
				CLANG_WARN_OBJC_IMPLICIT_RETAIN_SELF = YES;
				CLANG_WARN_OBJC_LITERAL_CONVERSION = YES;
				CLANG_WARN_OBJC_ROOT_CLASS = YES_ERROR;
				CLANG_WARN_RANGE_LOOP_ANALYSIS = YES;
				CLANG_WARN_STRICT_PROTOTYPES = YES;
				CLANG_WARN_SUSPICIOUS_MOVE = YES;
				CLANG_WARN_UNGUARDED_AVAILABILITY = YES_AGGRESSIVE;
				CLANG_WARN_UNREACHABLE_CODE = YES;
				CLANG_WARN__DUPLICATE_METHOD_MATCH = YES;
				CODE_SIGN_IDENTITY = "iPhone Developer";
				COPY_PHASE_STRIP = NO;
				DEBUG_INFORMATION_FORMAT = "dwarf-with-dsym";
				ENABLE_NS_ASSERTIONS = NO;
				ENABLE_STRICT_OBJC_MSGSEND = YES;
				GCC_C_LANGUAGE_STANDARD = gnu11;
				GCC_NO_COMMON_BLOCKS = YES;
				GCC_WARN_64_TO_32_BIT_CONVERSION = YES;
				GCC_WARN_ABOUT_RETURN_TYPE = YES_ERROR;
				GCC_WARN_UNDECLARED_SELECTOR = YES;
				GCC_WARN_UNINITIALIZED_AUTOS = YES_AGGRESSIVE;
				GCC_WARN_UNUSED_FUNCTION = YES;
				GCC_WARN_UNUSED_VARIABLE = YES;
				IPHONEOS_DEPLOYMENT_TARGET = 11.4;
				MTL_ENABLE_DEBUG_INFO = NO;
				MTL_FAST_MATH = YES;
				SDKROOT = iphoneos;
				SWIFT_COMPILATION_MODE = wholemodule;
				SWIFT_OPTIMIZATION_LEVEL = "-O";
				VALIDATE_PRODUCT = YES;
			};
			name = Release;
		};
		1A7C407F2138290E006AC1E9 /* Debug */ = {
			isa = XCBuildConfiguration;
			baseConfigurationReference = 09BDF8723ADF0568D79F57F2 /* Pods-Readyt.debug.xcconfig */;
			buildSettings = {
				ASSETCATALOG_COMPILER_APPICON_NAME = AppIcon;
				CODE_SIGN_STYLE = Automatic;
				DEVELOPMENT_TEAM = 8TZ5KWSLJQ;
				FRAMEWORK_SEARCH_PATHS = "$(inherited)";
				INFOPLIST_FILE = Readyt/Info.plist;
				IPHONEOS_DEPLOYMENT_TARGET = 12.1;
				LD_RUNPATH_SEARCH_PATHS = (
					"$(inherited)",
					"@executable_path/Frameworks",
				);
				PRODUCT_BUNDLE_IDENTIFIER = com.deceroainfinito.Readyt;
				PRODUCT_NAME = "$(TARGET_NAME)";
				SWIFT_VERSION = 4.2;
				TARGETED_DEVICE_FAMILY = "1,2";
			};
			name = Debug;
		};
		1A7C40802138290E006AC1E9 /* Release */ = {
			isa = XCBuildConfiguration;
			baseConfigurationReference = 323F787BB6A71CE178C24BF0 /* Pods-Readyt.release.xcconfig */;
			buildSettings = {
				ASSETCATALOG_COMPILER_APPICON_NAME = AppIcon;
				CODE_SIGN_STYLE = Automatic;
				DEVELOPMENT_TEAM = 8TZ5KWSLJQ;
				FRAMEWORK_SEARCH_PATHS = "$(inherited)";
				INFOPLIST_FILE = Readyt/Info.plist;
				IPHONEOS_DEPLOYMENT_TARGET = 12.1;
				LD_RUNPATH_SEARCH_PATHS = (
					"$(inherited)",
					"@executable_path/Frameworks",
				);
				PRODUCT_BUNDLE_IDENTIFIER = com.deceroainfinito.Readyt;
				PRODUCT_NAME = "$(TARGET_NAME)";
				SWIFT_VERSION = 4.2;
				TARGETED_DEVICE_FAMILY = "1,2";
			};
			name = Release;
		};
		1A7C40822138290E006AC1E9 /* Debug */ = {
			isa = XCBuildConfiguration;
			baseConfigurationReference = 2DC7C0EE515C6BD2540640B8 /* Pods-ReadytTests.debug.xcconfig */;
			buildSettings = {
				ALWAYS_EMBED_SWIFT_STANDARD_LIBRARIES = YES;
				BUNDLE_LOADER = "$(TEST_HOST)";
				CODE_SIGN_STYLE = Automatic;
				DEVELOPMENT_TEAM = 8TZ5KWSLJQ;
				INFOPLIST_FILE = ReadytTests/Info.plist;
				LD_RUNPATH_SEARCH_PATHS = (
					"$(inherited)",
					"@executable_path/Frameworks",
					"@loader_path/Frameworks",
				);
				PRODUCT_BUNDLE_IDENTIFIER = com.deceroainfinito.ReadytTests;
				PRODUCT_NAME = "$(TARGET_NAME)";
				SWIFT_VERSION = 4.2;
				TARGETED_DEVICE_FAMILY = "1,2";
				TEST_HOST = "$(BUILT_PRODUCTS_DIR)/Readyt.app/Readyt";
			};
			name = Debug;
		};
		1A7C40832138290E006AC1E9 /* Release */ = {
			isa = XCBuildConfiguration;
			baseConfigurationReference = 105DBD7ED4B95CA9C4045D8A /* Pods-ReadytTests.release.xcconfig */;
			buildSettings = {
				ALWAYS_EMBED_SWIFT_STANDARD_LIBRARIES = YES;
				BUNDLE_LOADER = "$(TEST_HOST)";
				CODE_SIGN_STYLE = Automatic;
				DEVELOPMENT_TEAM = 8TZ5KWSLJQ;
				INFOPLIST_FILE = ReadytTests/Info.plist;
				LD_RUNPATH_SEARCH_PATHS = (
					"$(inherited)",
					"@executable_path/Frameworks",
					"@loader_path/Frameworks",
				);
				PRODUCT_BUNDLE_IDENTIFIER = com.deceroainfinito.ReadytTests;
				PRODUCT_NAME = "$(TARGET_NAME)";
				SWIFT_VERSION = 4.2;
				TARGETED_DEVICE_FAMILY = "1,2";
				TEST_HOST = "$(BUILT_PRODUCTS_DIR)/Readyt.app/Readyt";
			};
			name = Release;
		};
		1A7C40852138290E006AC1E9 /* Debug */ = {
			isa = XCBuildConfiguration;
			baseConfigurationReference = B68B7C2139ACCA83F06DBC9D /* Pods-ReadytUITests.debug.xcconfig */;
			buildSettings = {
				ALWAYS_EMBED_SWIFT_STANDARD_LIBRARIES = YES;
				CODE_SIGN_STYLE = Automatic;
				DEVELOPMENT_TEAM = 8TZ5KWSLJQ;
				INFOPLIST_FILE = ReadytUITests/Info.plist;
				LD_RUNPATH_SEARCH_PATHS = (
					"$(inherited)",
					"@executable_path/Frameworks",
					"@loader_path/Frameworks",
				);
				PRODUCT_BUNDLE_IDENTIFIER = com.deceroainfinito.ReadytUITests;
				PRODUCT_NAME = "$(TARGET_NAME)";
				SWIFT_VERSION = 4.2;
				TARGETED_DEVICE_FAMILY = "1,2";
				TEST_TARGET_NAME = Readyt;
			};
			name = Debug;
		};
		1A7C40862138290E006AC1E9 /* Release */ = {
			isa = XCBuildConfiguration;
			baseConfigurationReference = 7D2F83E6E0F34357682C2955 /* Pods-ReadytUITests.release.xcconfig */;
			buildSettings = {
				ALWAYS_EMBED_SWIFT_STANDARD_LIBRARIES = YES;
				CODE_SIGN_STYLE = Automatic;
				DEVELOPMENT_TEAM = 8TZ5KWSLJQ;
				INFOPLIST_FILE = ReadytUITests/Info.plist;
				LD_RUNPATH_SEARCH_PATHS = (
					"$(inherited)",
					"@executable_path/Frameworks",
					"@loader_path/Frameworks",
				);
				PRODUCT_BUNDLE_IDENTIFIER = com.deceroainfinito.ReadytUITests;
				PRODUCT_NAME = "$(TARGET_NAME)";
				SWIFT_VERSION = 4.2;
				TARGETED_DEVICE_FAMILY = "1,2";
				TEST_TARGET_NAME = Readyt;
			};
			name = Release;
		};
/* End XCBuildConfiguration section */

/* Begin XCConfigurationList section */
		1A7C40512138290D006AC1E9 /* Build configuration list for PBXProject "Readyt" */ = {
			isa = XCConfigurationList;
			buildConfigurations = (
				1A7C407C2138290E006AC1E9 /* Debug */,
				1A7C407D2138290E006AC1E9 /* Release */,
			);
			defaultConfigurationIsVisible = 0;
			defaultConfigurationName = Release;
		};
		1A7C407E2138290E006AC1E9 /* Build configuration list for PBXNativeTarget "Readyt" */ = {
			isa = XCConfigurationList;
			buildConfigurations = (
				1A7C407F2138290E006AC1E9 /* Debug */,
				1A7C40802138290E006AC1E9 /* Release */,
			);
			defaultConfigurationIsVisible = 0;
			defaultConfigurationName = Release;
		};
		1A7C40812138290E006AC1E9 /* Build configuration list for PBXNativeTarget "ReadytTests" */ = {
			isa = XCConfigurationList;
			buildConfigurations = (
				1A7C40822138290E006AC1E9 /* Debug */,
				1A7C40832138290E006AC1E9 /* Release */,
			);
			defaultConfigurationIsVisible = 0;
			defaultConfigurationName = Release;
		};
		1A7C40842138290E006AC1E9 /* Build configuration list for PBXNativeTarget "ReadytUITests" */ = {
			isa = XCConfigurationList;
			buildConfigurations = (
				1A7C40852138290E006AC1E9 /* Debug */,
				1A7C40862138290E006AC1E9 /* Release */,
			);
			defaultConfigurationIsVisible = 0;
			defaultConfigurationName = Release;
		};
/* End XCConfigurationList section */
	};
	rootObject = 1A7C404E2138290D006AC1E9 /* Project object */;
}
